
Microsoft Visual Studio Solution File, Format Version 12.00
# Visual Studio Version 16
VisualStudioVersion = 16.0.31702.278
MinimumVisualStudioVersion = 10.0.40219.1
Project("{FAE04EC0-301F-11D3-BF4B-00C04F79EFBC}") = "kot", "kot.csproj", "{C6FDC548-592C-401E-A860-63E170BD7516}"
EndProject
Global
	GlobalSection(SolutionConfigurationPlatforms) = preSolution
		Debug|Any CPU = Debug|Any CPU
		Release|Any CPU = Release|Any CPU
	EndGlobalSection
	GlobalSection(ProjectConfigurationPlatforms) = postSolution
		{C6FDC548-592C-401E-A860-63E170BD7516}.Debug|Any CPU.ActiveCfg = Debug|Any CPU
		{C6FDC548-592C-401E-A860-63E170BD7516}.Debug|Any CPU.Build.0 = Debug|Any CPU
		{C6FDC548-592C-401E-A860-63E170BD7516}.Release|Any CPU.ActiveCfg = Release|Any CPU
		{C6FDC548-592C-401E-A860-63E170BD7516}.Release|Any CPU.Build.0 = Release|Any CPU
	EndGlobalSection
	GlobalSection(SolutionProperties) = preSolution
		HideSolutionNode = FALSE
	EndGlobalSection
	GlobalSection(ExtensibilityGlobals) = postSolution
		SolutionGuid = {34C4E70A-BE7F-4EF1-BBBA-BA2EADC5C6EA}
	EndGlobalSection
EndGlobal
